{
  "projects": [
    {
      "projectId": "jkU633o1Cz7HrJdwdxhVHk",
      "version": "15.3.0",
      "dependencies": {},
      "lang": "ts",
      "fileLocks": [
        {
          "assetId": "jkU633o1Cz7HrJdwdxhVHk",
          "type": "projectCss",
          "checksum": "0ae263a3f39b0edbe6d53f733a8b04f1"
        }
      ],
      "codegenVersion": "0.0.1"
    },
    {
      "projectId": "ohDidvG9XsCeFumugENU3J",
      "version": "4.8.0",
      "dependencies": {},
      "lang": "ts",
      "fileLocks": [
        {
          "assetId": "ohDidvG9XsCeFumugENU3J",
          "type": "projectCss",
          "checksum": "fd83b730367fdbde2c69bc6cf31c2a3c"
        },
        {
          "assetId": "ohDidvG9XsCeFumugENU3J",
          "checksum": "8f45a75070e2f0edc34a4dc3d5f6b736",
          "type": "globalContexts"
        }
      ],
      "codegenVersion": "0.0.1"
    },
    {
      "projectId": "9Vr5YWkf3w7jj6SsTcCEta",
      "version": "0.1.0",
      "dependencies": {},
      "lang": "ts",
      "fileLocks": [
        {
          "assetId": "9Vr5YWkf3w7jj6SsTcCEta",
          "type": "projectCss",
          "checksum": "e1ec850476829c38b0f9b6d4f7ac446a"
        }
      ],
      "codegenVersion": "0.0.1"
    },
    {
      "projectId": "caTPwKxj5ZrD9LQ7DMdK4Z",
      "version": "3.20.0",
      "dependencies": {},
      "lang": "ts",
      "fileLocks": [
        {
          "assetId": "caTPwKxj5ZrD9LQ7DMdK4Z",
          "type": "projectCss",
          "checksum": "e1ec850476829c38b0f9b6d4f7ac446a"
        }
      ],
      "codegenVersion": "0.0.1"
    },
    {
      "projectId": "xfguyo8p9zs8FxMdioQAoN",
      "version": "0.19.0",
      "dependencies": {},
      "lang": "ts",
      "fileLocks": [
        {
          "assetId": "xfguyo8p9zs8FxMdioQAoN",
          "type": "projectCss",
          "checksum": "1677c7b52f97b92e7b2e7d105b7c98ef"
        },
        {
          "assetId": "xfguyo8p9zs8FxMdioQAoN",
          "checksum": "4a7e9955fced0a04a0989c7fb4206041",
          "type": "globalContexts"
        }
      ],
      "codegenVersion": "0.0.1"
    },
    {
      "projectId": "r3ASNrnyvLLLAtDvzUioQ",
      "version": "3.17.0",
      "dependencies": {},
      "lang": "ts",
      "fileLocks": [
        {
          "assetId": "r3ASNrnyvLLLAtDvzUioQ",
          "type": "projectCss",
          "checksum": "97ec772be5160e37b26814fd84fdccb9"
        }
      ],
      "codegenVersion": "0.0.1"
    },
    {
      "projectId": "ijbX9dfpBRbW1FGSgs1NJo",
      "version": "latest",
      "dependencies": {
        "r3ASNrnyvLLLAtDvzUioQ": "3.17.0",
        "xfguyo8p9zs8FxMdioQAoN": "0.19.0",
        "caTPwKxj5ZrD9LQ7DMdK4Z": "3.20.0",
        "9Vr5YWkf3w7jj6SsTcCEta": "0.1.0",
        "ohDidvG9XsCeFumugENU3J": "4.8.0",
        "jkU633o1Cz7HrJdwdxhVHk": "15.3.0"
      },
      "lang": "ts",
      "fileLocks": [
        {
          "type": "globalVariant",
          "assetId": "BV_euI4yp87tgs",
          "checksum": "14b683b905678a18b3d10a246c539c95"
        },
        {
          "assetId": "ijbX9dfpBRbW1FGSgs1NJo",
          "checksum": "91b001fd6220c8e4ceb749730c3734f3",
          "type": "globalContexts"
        },
        {
          "type": "renderModule",
          "assetId": "s3EJm_4leMa2is",
          "checksum": "f009e1a3b66366a6adbbaae66a4f6fc1"
        },
        {
          "type": "cssRules",
          "assetId": "s3EJm_4leMa2is",
          "checksum": "f009e1a3b66366a6adbbaae66a4f6fc1"
        },
        {
          "type": "renderModule",
          "assetId": "z08NHQzGDufhl_",
          "checksum": "6740d34b6d40ec94e8b4d897ab7243a9"
        },
        {
          "type": "cssRules",
          "assetId": "z08NHQzGDufhl_",
          "checksum": "6740d34b6d40ec94e8b4d897ab7243a9"
        },
        {
          "type": "renderModule",
          "assetId": "be4gyluQ_9OJzR",
          "checksum": "f0c955db06989a916c03a2c6ad9ce80a"
        },
        {
          "type": "cssRules",
          "assetId": "be4gyluQ_9OJzR",
          "checksum": "f0c955db06989a916c03a2c6ad9ce80a"
        },
        {
          "type": "renderModule",
          "assetId": "3bRucgJCclHNht",
          "checksum": "e94dd40c3a8aaf06cd44c6ca418a8ee7"
        },
        {
          "type": "cssRules",
          "assetId": "3bRucgJCclHNht",
          "checksum": "e94dd40c3a8aaf06cd44c6ca418a8ee7"
        },
        {
          "type": "renderModule",
          "assetId": "38U0KJJ_izLvF0",
          "checksum": "1d9efb9e4c7434d53731eb4b8ded75b6"
        },
        {
          "type": "cssRules",
          "assetId": "38U0KJJ_izLvF0",
          "checksum": "1d9efb9e4c7434d53731eb4b8ded75b6"
        },
        {
          "type": "renderModule",
          "assetId": "t1p7ZNjiFGWe7C",
          "checksum": "7bae3a35242a9eb734dd316afd3ba930"
        },
        {
          "type": "cssRules",
          "assetId": "t1p7ZNjiFGWe7C",
          "checksum": "7bae3a35242a9eb734dd316afd3ba930"
        },
        {
          "type": "renderModule",
          "assetId": "TjbIATQS4AqoQO",
          "checksum": "df3d9236c4b1c19fa4cc934f3a567dee"
        },
        {
          "type": "cssRules",
          "assetId": "TjbIATQS4AqoQO",
          "checksum": "df3d9236c4b1c19fa4cc934f3a567dee"
        },
        {
          "type": "renderModule",
          "assetId": "8qv09TA5T27G7x",
          "checksum": "b1211d4c3ba3e140bce5d808b028e23b"
        },
        {
          "type": "cssRules",
          "assetId": "8qv09TA5T27G7x",
          "checksum": "b1211d4c3ba3e140bce5d808b028e23b"
        },
        {
          "type": "renderModule",
          "assetId": "pVPTu88xjlQJ6D",
          "checksum": "b6090b43c8f2aa16daf247de01fa570a"
        },
        {
          "type": "cssRules",
          "assetId": "pVPTu88xjlQJ6D",
          "checksum": "b6090b43c8f2aa16daf247de01fa570a"
        },
        {
          "type": "renderModule",
          "assetId": "AiDWqAyaT_P6ZS",
          "checksum": "0b1016cd19d4a316d12da2d3e392b695"
        },
        {
          "type": "cssRules",
          "assetId": "AiDWqAyaT_P6ZS",
          "checksum": "0b1016cd19d4a316d12da2d3e392b695"
        },
        {
          "type": "renderModule",
          "assetId": "JRf21XH4cTf7V-",
          "checksum": "1143bc55aa15a25a82a16b1e952e86b4"
        },
        {
          "type": "cssRules",
          "assetId": "JRf21XH4cTf7V-",
          "checksum": "1143bc55aa15a25a82a16b1e952e86b4"
        },
        {
          "type": "renderModule",
          "assetId": "FZywUiewNM",
          "checksum": "a612f37c0aff47fad34c2a9b8aed66b5"
        },
        {
          "type": "cssRules",
          "assetId": "FZywUiewNM",
          "checksum": "a612f37c0aff47fad34c2a9b8aed66b5"
        },
        {
          "type": "renderModule",
          "assetId": "8Gyy7YGh9_a",
          "checksum": "485bb891a071eb181bdb60ae2edb9406"
        },
        {
          "type": "cssRules",
          "assetId": "8Gyy7YGh9_a",
          "checksum": "485bb891a071eb181bdb60ae2edb9406"
        },
        {
          "type": "renderModule",
          "assetId": "xH65qniBga",
          "checksum": "ea34eb33a78d4e35a8b6a526af265955"
        },
        {
          "type": "cssRules",
          "assetId": "xH65qniBga",
          "checksum": "ea34eb33a78d4e35a8b6a526af265955"
        },
        {
          "type": "renderModule",
          "assetId": "y1GacJeVxU",
          "checksum": "af69750a2a069e8ceac94e5646b0e9c8"
        },
        {
          "type": "cssRules",
          "assetId": "y1GacJeVxU",
          "checksum": "af69750a2a069e8ceac94e5646b0e9c8"
        },
        {
          "type": "renderModule",
          "assetId": "rMjz4Axj4o",
          "checksum": "16652ce67424ced3098beaf0f88fddbe"
        },
        {
          "type": "cssRules",
          "assetId": "rMjz4Axj4o",
          "checksum": "16652ce67424ced3098beaf0f88fddbe"
        },
        {
          "type": "renderModule",
          "assetId": "SfDwl07Aj4uB",
          "checksum": "59f236df5bf03f33c4958df1c2f8c890"
        },
        {
          "type": "cssRules",
          "assetId": "SfDwl07Aj4uB",
          "checksum": "59f236df5bf03f33c4958df1c2f8c890"
        },
        {
          "type": "renderModule",
          "assetId": "YZDDbkZzE-",
          "checksum": "969d2af222c24f88a6c19cb74a306195"
        },
        {
          "type": "cssRules",
          "assetId": "YZDDbkZzE-",
          "checksum": "969d2af222c24f88a6c19cb74a306195"
        },
        {
          "type": "renderModule",
          "assetId": "JK6heZL86XJ",
          "checksum": "2b1efa9cfdf6fa680216a395611451b6"
        },
        {
          "type": "cssRules",
          "assetId": "JK6heZL86XJ",
          "checksum": "2b1efa9cfdf6fa680216a395611451b6"
        },
        {
          "type": "renderModule",
          "assetId": "TVyhejT7Qla",
          "checksum": "be1dd3ed973b1c0d3fb4e767f0969175"
        },
        {
          "type": "cssRules",
          "assetId": "TVyhejT7Qla",
          "checksum": "be1dd3ed973b1c0d3fb4e767f0969175"
        },
        {
          "type": "renderModule",
          "assetId": "A4aUfL_OVYM",
          "checksum": "ded24673dfd9db29468d3474ac233727"
        },
        {
          "type": "cssRules",
          "assetId": "A4aUfL_OVYM",
          "checksum": "ded24673dfd9db29468d3474ac233727"
        },
        {
          "type": "renderModule",
          "assetId": "ege3fRU_qJ2",
          "checksum": "151cfe4d1e1e3f40d7b8dbe538cdfa1c"
        },
        {
          "type": "cssRules",
          "assetId": "ege3fRU_qJ2",
          "checksum": "151cfe4d1e1e3f40d7b8dbe538cdfa1c"
        },
        {
          "type": "renderModule",
          "assetId": "1dEsznhWyTP-",
          "checksum": "2378e53b1bed9d172717f54a8c439df6"
        },
        {
          "type": "cssRules",
          "assetId": "1dEsznhWyTP-",
          "checksum": "2378e53b1bed9d172717f54a8c439df6"
        },
        {
          "type": "renderModule",
          "assetId": "nMmABczlpYPv",
          "checksum": "049a24f7e460f47664178051a957b8ad"
        },
        {
          "type": "cssRules",
          "assetId": "nMmABczlpYPv",
          "checksum": "049a24f7e460f47664178051a957b8ad"
        },
        {
          "type": "renderModule",
          "assetId": "CvbgQQ_-h1SL",
          "checksum": "52eda02be666ccf97c7736ea1216ab2e"
        },
        {
          "type": "cssRules",
          "assetId": "CvbgQQ_-h1SL",
          "checksum": "52eda02be666ccf97c7736ea1216ab2e"
        },
        {
          "type": "renderModule",
          "assetId": "wAHNmXk0dn1",
          "checksum": "565f28a9158cbe2f5a0c96f21f7a85f2"
        },
        {
          "type": "cssRules",
          "assetId": "wAHNmXk0dn1",
          "checksum": "565f28a9158cbe2f5a0c96f21f7a85f2"
        },
        {
          "type": "renderModule",
          "assetId": "mXQ-qJEh5Wo",
          "checksum": "43b4bb4eaa7e06a9c73200c042d3cecb"
        },
        {
          "type": "cssRules",
          "assetId": "mXQ-qJEh5Wo",
          "checksum": "43b4bb4eaa7e06a9c73200c042d3cecb"
        },
        {
          "type": "renderModule",
          "assetId": "mjWkbfcaecO",
          "checksum": "37f5510afe2f82960f42dc48116bc552"
        },
        {
          "type": "cssRules",
          "assetId": "mjWkbfcaecO",
          "checksum": "37f5510afe2f82960f42dc48116bc552"
        },
        {
          "type": "renderModule",
          "assetId": "v2szJmgCG0v",
          "checksum": "46afe236c57595cd467aec25bc18456f"
        },
        {
          "type": "cssRules",
          "assetId": "v2szJmgCG0v",
          "checksum": "46afe236c57595cd467aec25bc18456f"
        },
        {
          "type": "renderModule",
          "assetId": "gZIrgP8qyUSd",
          "checksum": "e276866ef7e2d2d144c4db01c5ff7589"
        },
        {
          "type": "cssRules",
          "assetId": "gZIrgP8qyUSd",
          "checksum": "e276866ef7e2d2d144c4db01c5ff7589"
        },
        {
          "type": "renderModule",
          "assetId": "gWt9XtaVK6Q0",
          "checksum": "8201e7c30e4251a17edc0a81e13cd6b4"
        },
        {
          "type": "cssRules",
          "assetId": "gWt9XtaVK6Q0",
          "checksum": "8201e7c30e4251a17edc0a81e13cd6b4"
        },
        {
          "type": "renderModule",
          "assetId": "wfTulyuJy5S",
          "checksum": "87fb9dc5c7f3127c868f04bb421cf90a"
        },
        {
          "type": "cssRules",
          "assetId": "wfTulyuJy5S",
          "checksum": "87fb9dc5c7f3127c868f04bb421cf90a"
        },
        {
          "type": "renderModule",
          "assetId": "Drd5MExytXv",
          "checksum": "24e3a7f225903ad171ccc5762ca4d79e"
        },
        {
          "type": "cssRules",
          "assetId": "Drd5MExytXv",
          "checksum": "24e3a7f225903ad171ccc5762ca4d79e"
        },
        {
          "type": "icon",
          "assetId": "vIBh7hkedAKVLS",
          "checksum": "346152ec679e8549b151b60f64b809de"
        },
        {
          "type": "icon",
          "assetId": "L-TyCxvo3pUf7i",
          "checksum": "ce6374fa6781f3f6157e57e6ce74f05a"
        },
        {
          "type": "icon",
          "assetId": "YKKd77i4LWr2Gd",
          "checksum": "60cc2a7be476f9400ffa05b689f7b6bc"
        },
        {
          "type": "icon",
          "assetId": "d8eh5EqOXVcB1a",
          "checksum": "53867d15c7efc0790c0569dc3dc55c6c"
        },
        {
          "type": "icon",
          "assetId": "PS6DVWNrsATME2",
          "checksum": "e8accc7ada70e6507469d2037a734433"
        },
        {
          "type": "icon",
          "assetId": "ngIR76gLtUeT5W",
          "checksum": "80bdb7bea09d6a8eb17e1309a404c125"
        },
        {
          "type": "icon",
          "assetId": "Ga_F97PX65ud7D",
          "checksum": "4d76df3f019ffa938171f13ffaabdadb"
        },
        {
          "type": "icon",
          "assetId": "4gSV8XeD9T8evC",
          "checksum": "9eed4d329a09ca1851d656edb9b61a46"
        },
        {
          "type": "icon",
          "assetId": "AKOPXxR2JQEa5R",
          "checksum": "3b9a4d2b969230a47db7bf670475d29d"
        },
        {
          "type": "icon",
          "assetId": "5VuAsHROVMMbW9",
          "checksum": "2ba34ea8a4bb34ae00a16dec7075c148"
        },
        {
          "type": "icon",
          "assetId": "ZqzA1s0tgnFvoY",
          "checksum": "bdf27501aa72ce30f33a509bfefe76db"
        },
        {
          "type": "icon",
          "assetId": "K0_Ms7xwxMqw9s",
          "checksum": "e790cbf3c51c7a6780623940e0cf936e"
        },
        {
          "type": "icon",
          "assetId": "nmoxyqKZ1SSwmZ",
          "checksum": "ae3933802692b16606e6fb0629b7543e"
        },
        {
          "type": "icon",
          "assetId": "CO7fMjG8L3EKiN",
          "checksum": "685962a91b21a99858999ac00cc0d706"
        },
        {
          "type": "icon",
          "assetId": "ETtjmWExJ617-B",
          "checksum": "f04429742696d77c3d666f0903556128"
        },
        {
          "type": "icon",
          "assetId": "rGAFqrIjwFkcZM",
          "checksum": "6c9eb4a37c15ee9a14bd1226df5041c2"
        },
        {
          "type": "icon",
          "assetId": "X6eB28EOD3seMa",
          "checksum": "4daa859dd7f0e0c441bfa7d7916f04dd"
        },
        {
          "type": "icon",
          "assetId": "6CDxjL6AtahbuS",
          "checksum": "81f3acda74d7151ffabe091bbe41be02"
        },
        {
          "type": "icon",
          "assetId": "sxhoIq9e99bhcn",
          "checksum": "d334c8ccae3a1ba583c471586ddc9158"
        },
        {
          "type": "icon",
          "assetId": "UfO0_iiCxh-WKt",
          "checksum": "bc4deaec43671ea60389a8d4afd62eeb"
        },
        {
          "type": "icon",
          "assetId": "HOpLnnPYNzGOMi",
          "checksum": "2aa3670197167a880fb0c3cd08220d40"
        },
        {
          "type": "icon",
          "assetId": "GP5-PjIyW7G5XF",
          "checksum": "b2ed6d3a79e6a271335eb35a7adcfde0"
        },
        {
          "type": "icon",
          "assetId": "mKnZ2W7boGgxpZ",
          "checksum": "d6458ffa5e30507e412df5ccaee48ce8"
        },
        {
          "type": "icon",
          "assetId": "_g9_Z-GCCTXMOl",
          "checksum": "998026fb11253c2ba9d8ba25410e8c29"
        },
        {
          "type": "icon",
          "assetId": "DRh9Ez1L-ONDKn",
          "checksum": "f027437764e59e0c99b56feefbd2fcf8"
        },
        {
          "type": "icon",
          "assetId": "AdceC2wJzWZZT_",
          "checksum": "f842da57ac810596fbfbb70d6ba632d5"
        },
        {
          "type": "icon",
          "assetId": "N-jxP7Xg6EP8Z1",
          "checksum": "27410d023670b904261b60e63e41b16a"
        },
        {
          "type": "icon",
          "assetId": "hxl6muyYy4ZBPD",
          "checksum": "aca5a212c3768773453ad8840cbe0d00"
        },
        {
          "type": "icon",
          "assetId": "9JNCxLztTPkrUr",
          "checksum": "eca0cc7ca221d0209ceed2e0c2a0c830"
        },
        {
          "type": "icon",
          "assetId": "leA6COKci4lRME",
          "checksum": "4c9c75c96a6ab12d958522ce3043efd9"
        },
        {
          "type": "icon",
          "assetId": "xNxcTqSkh5uwvZ",
          "checksum": "fcdf6de9d92c3fe8e3d7a5bc31c5144d"
        },
        {
          "type": "icon",
          "assetId": "kP95DCYd_TFkaB",
          "checksum": "efd258fbfdc3ab4bf5219d56acabaabf"
        },
        {
          "type": "icon",
          "assetId": "3Whq8qOw1C5xJN",
          "checksum": "74b735c49faad554f929336424035bfe"
        },
        {
          "type": "icon",
          "assetId": "c0cvA58RQG2MpT",
          "checksum": "37eeabf9054b59074b288167a3bcff51"
        },
        {
          "type": "icon",
          "assetId": "P9G33GzWUNBCvN",
          "checksum": "645a07c60c692258b6376d1a6eb04ab5"
        },
        {
          "type": "icon",
          "assetId": "0IKgn9gTvXS9bL",
          "checksum": "06ce48d8961a88610237f5e167cd9834"
        },
        {
          "type": "icon",
          "assetId": "YZJyhTwdBvmxzZ",
          "checksum": "ede1c42d50e15844ed85d3c7d830415d"
        },
        {
          "type": "icon",
          "assetId": "ptCGSmYMtdK6ex",
          "checksum": "8284320135b748689449d7770b65d965"
        },
        {
          "type": "icon",
          "assetId": "OjmfE5EJlBFvwM",
          "checksum": "3a0ab9f4f591f6097fe18c0e051091fe"
        },
        {
          "type": "icon",
          "assetId": "ra_o6xwOHS",
          "checksum": "50d30f0a87ae51efdc5ee30209e48c7a"
        },
        {
          "type": "icon",
          "assetId": "Nnqp58GAr",
          "checksum": "4b10fe38f526f59b544f7a08bd801c3f"
        },
        {
          "type": "icon",
          "assetId": "SVrAD7F3Yb_",
          "checksum": "57b1fae3f831fe00c958146686cece34"
        },
        {
          "type": "icon",
          "assetId": "MK8lZMaQYeM",
          "checksum": "e813a90b077198e2a5df99ff07f6bf50"
        },
        {
          "type": "icon",
          "assetId": "mRp-HWExPR7",
          "checksum": "7bcd2abb1f209a6ad441b50f917c283e"
        },
        {
          "type": "icon",
          "assetId": "GfngtGmgmAw",
          "checksum": "d74fb19ea168e1e8944f3e80ea8751cb"
        },
        {
          "type": "icon",
          "assetId": "M0g4OAS62tx",
          "checksum": "b8a9426835eab960d3a6d66329206d5b"
        },
        {
          "type": "icon",
          "assetId": "xWl98ze-mqOQ",
          "checksum": "dc6a913870aabf9e1c4926c003e395f6"
        },
        {
          "type": "icon",
          "assetId": "ssuBrmruJLG4",
          "checksum": "ff9cb260bea0eee826d3de3d87aed691"
        },
        {
          "type": "icon",
          "assetId": "ztu2deGWU-rr",
          "checksum": "f819c205ca1dba5c99f699563d0559fa"
        },
        {
          "type": "image",
          "assetId": "3IMZtSjTNj7YD0",
          "checksum": "7cc6b472ea10874d8ce0b0ef8eebea5c"
        },
        {
          "type": "image",
          "assetId": "MPYKnCgWVy7OWH",
          "checksum": "c50aaa9c3719a06a79523e1b299d2175"
        },
        {
          "type": "image",
          "assetId": "0ToNK4jzgI7FWI",
          "checksum": "0c53e56b73f1221922fba66aa815c793"
        },
        {
          "type": "image",
          "assetId": "C3KQi4k0E_VPcm",
          "checksum": "377be42a0dbc535aeb56a6aa7d292809"
        },
        {
          "type": "image",
          "assetId": "-h6VhzMyxHDIpg",
          "checksum": "e1cd5834f3ca6c173e68e5323f0cd1b8"
        },
        {
          "type": "image",
          "assetId": "mBwYHi9SXOvPGV",
          "checksum": "42e58bde8953b61d41a573fecf70d67a"
        },
        {
          "type": "image",
          "assetId": "GGt3R2189qlPB7",
          "checksum": "25ada11a28ce9fe34ce79cd12e9d7c0d"
        },
        {
          "type": "image",
          "assetId": "Uip3HH9wpx7Ve1",
          "checksum": "39ee0a3dff9652ea8168101fb3f43858"
        },
        {
          "type": "image",
          "assetId": "TnaolniBcAoEbH",
          "checksum": "385ae37a9af5f8366b35bfd6e4e0763c"
        },
        {
          "type": "image",
          "assetId": "HDx0ZvvTvPaK-q",
          "checksum": "1f167ba12e26294be799ca4140f20976"
        },
        {
          "type": "image",
          "assetId": "7KbHFXoKH2q5Vp",
          "checksum": "22464f08e2fcfd5958e272adf38dd7a5"
        },
        {
          "type": "image",
          "assetId": "ttrc1-sJ1jUhRQ",
          "checksum": "7f6eb738aaf6a59afdbf8209fa9d4a5e"
        },
        {
          "type": "image",
          "assetId": "yMkzGUdiZOyabh",
          "checksum": "a3077ddd0d0d0c21cab588c07bb5db79"
        },
        {
          "type": "image",
          "assetId": "q-cTiek0P9pdd8",
          "checksum": "31b93737b86afd04d7cf18962db5c8a2"
        },
        {
          "type": "image",
          "assetId": "SOO2frAPnkrr7v",
          "checksum": "a8b7dc13689a24d239ec200dde0cdf29"
        },
        {
          "type": "image",
          "assetId": "Y4jWS4Jy7WXFMR",
          "checksum": "df7b2fa4d049da1c37fe9355f4f59782"
        },
        {
          "type": "image",
          "assetId": "4lJpv4XwTM1-2A",
          "checksum": "f3a2aa95527d2925a19cb032f86aa6a4"
        },
        {
          "type": "image",
          "assetId": "eUA3g879s0onPN",
          "checksum": "55e364e22d3fb86c810381d4c2b29d94"
        },
        {
          "type": "image",
          "assetId": "wv8RjrWoS7BdUD",
          "checksum": "574ca3642c9b074abef3fad71ecd19a0"
        },
        {
          "type": "image",
          "assetId": "7lGZYBKhLQZ1xo",
          "checksum": "91e57698e556702afc2328299c91a225"
        },
        {
          "type": "image",
          "assetId": "HTyC-hej9HTgdV",
          "checksum": "13384ccf849c685fdd589143ddcb8919"
        },
        {
          "type": "image",
          "assetId": "DsMpt8HRPCExSo",
          "checksum": "ab40478da9255ecbaeba37e61a79f3f9"
        },
        {
          "type": "image",
          "assetId": "3alBEiQx3g_mkQ",
          "checksum": "4638559dc4d182cbbfa1645c65976866"
        },
        {
          "type": "image",
          "assetId": "YEgHNvUgF1LJYl",
          "checksum": "03d44b5228b65b59b84bef9d8c465faa"
        },
        {
          "type": "image",
          "assetId": "BKvXKTxGxJlczD",
          "checksum": "123ef0fe162d6863d3fed7b9e1a4fcd7"
        },
        {
          "type": "image",
          "assetId": "ZQCZ7m6Pn0JnoZ",
          "checksum": "e78f3610c5833a2249f8f2e7032115a1"
        },
        {
          "type": "image",
          "assetId": "RuWQ69aLC9DZWe",
          "checksum": "b0db57bd752e9fbf11ec3e6f3b6e0690"
        },
        {
          "type": "image",
          "assetId": "bJO-aufUDaI8yV",
          "checksum": "929043226adf69a23f0611ec0d0ad466"
        },
        {
          "type": "image",
          "assetId": "T3yTtlUM9zgDZ4",
          "checksum": "26a28c237f98719d5beacd5208d2d5af"
        },
        {
          "type": "image",
          "assetId": "Nm4YpBqHZOGOao",
          "checksum": "cc2c52b90d12e35adb8cfc9351a24de8"
        },
        {
          "type": "image",
          "assetId": "_4wx84vJrYN6Og",
          "checksum": "2538865aafdb60f1130796d72b8d07d7"
        },
        {
          "type": "image",
          "assetId": "t_fHrmzqizUteU",
          "checksum": "0a0b1ca9be806383272a78b253ad7f37"
        },
        {
          "type": "image",
          "assetId": "1kQspsd_3",
          "checksum": "57b193eac39cded4fbf83e453f4c0155"
        },
        {
          "type": "image",
          "assetId": "halu6r7Oc",
          "checksum": "daf316939ee58de81991480ef70aba31"
        },
        {
          "type": "image",
          "assetId": "FupcW5EW1",
          "checksum": "78564301c505102fbceada32d51a149e"
        },
        {
          "type": "image",
          "assetId": "XJ2qP_2xB",
          "checksum": "55c8d7550851421d7bd153f97ec4dd95"
        },
        {
          "type": "image",
          "assetId": "vP0WvNiOI",
          "checksum": "cbf9c99e57871b2c290997a0a61b5b0b"
        },
        {
          "type": "image",
          "assetId": "iSK9YmNRu",
          "checksum": "6149903b05fe116781420199da7c5210"
        },
        {
          "type": "image",
          "assetId": "FMPCzqphM",
          "checksum": "9b3b81ed58f2292c2dbaa74b6b505908"
        },
        {
          "type": "image",
          "assetId": "W_KNBHEOX",
          "checksum": "50d3ff4be6f2937d58a411086eb4fd4f"
        },
        {
          "type": "image",
          "assetId": "5c0njL2sE",
          "checksum": "0f9aba2f2e0f7417b3963e5ac79b27f6"
        },
        {
          "type": "image",
          "assetId": "8WsP067j3",
          "checksum": "e7ea0a751e40f4c9d3ab7a7aea6b22a7"
        },
        {
          "type": "image",
          "assetId": "iQhuHvX1v",
          "checksum": "85c049d588b35f0a875806bbc9f033fb"
        },
        {
          "type": "image",
          "assetId": "79bbcOW_L",
          "checksum": "f98be9c113e195f8448d01613686ccca"
        },
        {
          "type": "image",
          "assetId": "wrytfyTe6Al",
          "checksum": "a208ca9bada80d95e7369448355819b9"
        },
        {
          "type": "image",
          "assetId": "vdDb4gtDahs",
          "checksum": "110e6320043faab920cf6baf1e4fc2cd"
        },
        {
          "type": "image",
          "assetId": "Ja2NvmI2Hiz",
          "checksum": "b589861662c7b788609339c0030affa7"
        },
        {
          "type": "image",
          "assetId": "fBYqCjTedtr",
          "checksum": "a810a7d424ca993d8cf2f0334feb5495"
        },
        {
          "type": "image",
          "assetId": "0IVFAB85aHi",
          "checksum": "aeb8f9ef70968fbd2d7890a763be180c"
        },
        {
          "type": "image",
          "assetId": "CJ_Lof2kHzr",
          "checksum": "5d6870559f3dfbb4be86f1d7e7a6242e"
        },
        {
          "type": "image",
          "assetId": "c57WTyL434I",
          "checksum": "09221bb6b92f4b8f746d6fe8ac5d4f63"
        },
        {
          "type": "image",
          "assetId": "uyvZ2wXcUS9",
          "checksum": "f4a3142aee526c9457a01cb22f84b727"
        },
        {
          "type": "image",
          "assetId": "muLFyz1gH4Z",
          "checksum": "e66b452d061cac63c6c5a3e5e1f09ff4"
        },
        {
          "type": "image",
          "assetId": "kkKWBLmL-I2",
          "checksum": "9181170ad08757d3c8d2047226044c3c"
        },
        {
          "type": "image",
          "assetId": "hPJGpX9-1",
          "checksum": "d347234769a4c21c4c0168215ba20683"
        },
        {
          "type": "image",
          "assetId": "fowyFKg1U",
          "checksum": "3150647401b4b1caf62651481eb9576f"
        },
        {
          "type": "image",
          "assetId": "eB_UCXrjP",
          "checksum": "b3707893715341d2b2d9d2ab734b8c99"
        },
        {
          "type": "image",
          "assetId": "ztQ4aa3un",
          "checksum": "015429ff5c2e460e932db51ab9c55e04"
        },
        {
          "type": "image",
          "assetId": "AWw1xuipN",
          "checksum": "dd5db7c6f121bfdc1e5797d7cac91ace"
        },
        {
          "assetId": "ijbX9dfpBRbW1FGSgs1NJo",
          "type": "projectCss",
          "checksum": "eea6f80a933b0649273d89c3ee2f5629"
        }
      ],
      "codegenVersion": "0.0.1"
    }
  ],
  "cliVersion": "0.1.301"
}
